// !$*UTF8*$!
{
	archiveVersion = 1;
	classes = {
	};
	objectVersion = 46;
	objects = {

/* Begin PBXBuildFile section */
		9602FD3D1ECACB8B004BD063 /* GoogleService-Info.plist in Resources */ = {isa = PBXBuildFile; fileRef = 9602FD3C1ECACB8B004BD063 /* GoogleService-Info.plist */; };
		9602FD3F1ECAEA16004BD063 /* DedicationsViewController.swift in Sources */ = {isa = PBXBuildFile; fileRef = 9602FD3E1ECAEA16004BD063 /* DedicationsViewController.swift */; };
		9602FD411ECAEE86004BD063 /* FBManager.swift in Sources */ = {isa = PBXBuildFile; fileRef = 9602FD401ECAEE86004BD063 /* FBManager.swift */; };
		9602FD431ECAF208004BD063 /* Dedication.swift in Sources */ = {isa = PBXBuildFile; fileRef = 9602FD421ECAF208004BD063 /* Dedication.swift */; };
		9609268D1EAFA4D200237DE3 /* TehilimViewController.swift in Sources */ = {isa = PBXBuildFile; fileRef = 9609268C1EAFA4D200237DE3 /* TehilimViewController.swift */; };
		960C932E1EC9A4B900513FA1 /* LocalDBManager.swift in Sources */ = {isa = PBXBuildFile; fileRef = 960C932D1EC9A4B900513FA1 /* LocalDBManager.swift */; };
		96111CCC1EE136DA0025A4BD /* MyDateLabel.swift in Sources */ = {isa = PBXBuildFile; fileRef = 96111CCB1EE136DA0025A4BD /* MyDateLabel.swift */; };
		962A07261ED175290046EFF5 /* BubbleTransition.swift in Sources */ = {isa = PBXBuildFile; fileRef = 962A07251ED175290046EFF5 /* BubbleTransition.swift */; };
		962F01CB1EC852D5009158BE /* TehilimCore.xcdatamodeld in Sources */ = {isa = PBXBuildFile; fileRef = 962F01C91EC852D5009158BE /* TehilimCore.xcdatamodeld */; };
		962F01EE1EC859CC009158BE /* MyChaptersCell.swift in Sources */ = {isa = PBXBuildFile; fileRef = 962F01ED1EC859CC009158BE /* MyChaptersCell.swift */; };
		962F01F21EC85B0E009158BE /* MyChaptersTableViewController.swift in Sources */ = {isa = PBXBuildFile; fileRef = 962F01F11EC85B0E009158BE /* MyChaptersTableViewController.swift */; };
		962F01F41EC862E7009158BE /* MyAlertViewController.swift in Sources */ = {isa = PBXBuildFile; fileRef = 962F01F31EC862E7009158BE /* MyAlertViewController.swift */; };
		96322D701EB5D7DB009C839C /* BrowseViewController.swift in Sources */ = {isa = PBXBuildFile; fileRef = 96322D6F1EB5D7DB009C839C /* BrowseViewController.swift */; };
		963FA0521EC46220004CC696 /* MyNavigationItem.swift in Sources */ = {isa = PBXBuildFile; fileRef = 963FA0511EC46220004CC696 /* MyNavigationItem.swift */; };
		964178B71EB223C900ACEF04 /* LocalizableUtils.swift in Sources */ = {isa = PBXBuildFile; fileRef = 964178B61EB223C900ACEF04 /* LocalizableUtils.swift */; };
		964178B81EB2240A00ACEF04 /* Localizable.strings in Resources */ = {isa = PBXBuildFile; fileRef = 964178BA1EB2240A00ACEF04 /* Localizable.strings */; };
		96710E601ECB12F2009B8412 /* AddDedicaceViewController.swift in Sources */ = {isa = PBXBuildFile; fileRef = 96710E5F1ECB12F2009B8412 /* AddDedicaceViewController.swift */; };
		96899C9F1E93BDF1003754CF /* AppDelegate.swift in Sources */ = {isa = PBXBuildFile; fileRef = 96899C9E1E93BDF1003754CF /* AppDelegate.swift */; };
		96899CA11E93BDF1003754CF /* ViewController.swift in Sources */ = {isa = PBXBuildFile; fileRef = 96899CA01E93BDF1003754CF /* ViewController.swift */; };
		96899CA41E93BDF1003754CF /* Main.storyboard in Resources */ = {isa = PBXBuildFile; fileRef = 96899CA21E93BDF1003754CF /* Main.storyboard */; };
		96899CA91E93BDF1003754CF /* LaunchScreen.storyboard in Resources */ = {isa = PBXBuildFile; fileRef = 96899CA71E93BDF1003754CF /* LaunchScreen.storyboard */; };
		96BC8C0A1EBC529500E92DAB /* TehilimCollectionViewCell.swift in Sources */ = {isa = PBXBuildFile; fileRef = 96BC8C091EBC529500E92DAB /* TehilimCollectionViewCell.swift */; };
		96C10D501EB09218005086DF /* Tehilim.swift in Sources */ = {isa = PBXBuildFile; fileRef = 96C10D4F1EB09218005086DF /* Tehilim.swift */; };
		96C10D521EB09DF3005086DF /* myDate.swift in Sources */ = {isa = PBXBuildFile; fileRef = 96C10D511EB09DF3005086DF /* myDate.swift */; };
		96C10D551EB0A1C1005086DF /* MyButton.swift in Sources */ = {isa = PBXBuildFile; fileRef = 96C10D541EB0A1C1005086DF /* MyButton.swift */; };
		96C3A93B1EC9771C00AF372F /* ConvertTypeDatePicker.swift in Sources */ = {isa = PBXBuildFile; fileRef = 96C3A93A1EC9771C00AF372F /* ConvertTypeDatePicker.swift */; };
		96CA314D1ED4A6D2008CC8EC /* MyLabel.swift in Sources */ = {isa = PBXBuildFile; fileRef = 96CA314C1ED4A6D2008CC8EC /* MyLabel.swift */; };
		96D2AC011EB237100013B621 /* MyTabBarController.swift in Sources */ = {isa = PBXBuildFile; fileRef = 96D2AC001EB237100013B621 /* MyTabBarController.swift */; };
		96EEB2B71EC2DE25009D5BC2 /* Guematria.swift in Sources */ = {isa = PBXBuildFile; fileRef = 96EEB2B61EC2DE25009D5BC2 /* Guematria.swift */; };
		96F15C521ED2B333004334D3 /* SwitchAnimation.swift in Sources */ = {isa = PBXBuildFile; fileRef = 96F15C511ED2B333004334D3 /* SwitchAnimation.swift */; };
		96FBFA591EC19F95003C3752 /* Assets.xcassets in Resources */ = {isa = PBXBuildFile; fileRef = 96FBFA581EC19F95003C3752 /* Assets.xcassets */; };
		96FD826B1ED5A09300E9B2E7 /* HorizontalSwipeInteraction.swift in Sources */ = {isa = PBXBuildFile; fileRef = 96FD826A1ED5A09300E9B2E7 /* HorizontalSwipeInteraction.swift */; };
		96FEB8A31ECC4BCC00F2B4DA /* DonationViewController.swift in Sources */ = {isa = PBXBuildFile; fileRef = 96FEB8A21ECC4BCC00F2B4DA /* DonationViewController.swift */; };
		C373435FC9BECB6BE140E838 /* Pods_TehilimDemo.framework in Frameworks */ = {isa = PBXBuildFile; fileRef = 77F83B3D0DECF257BA4FDE91 /* Pods_TehilimDemo.framework */; };
/* End PBXBuildFile section */

/* Begin PBXFileReference section */
		1C470A10D1F4BF1FFEDC0723 /* Pods-TehilimDemo.release.xcconfig */ = {isa = PBXFileReference; includeInIndex = 1; lastKnownFileType = text.xcconfig; name = "Pods-TehilimDemo.release.xcconfig"; path = "Pods/Target Support Files/Pods-TehilimDemo/Pods-TehilimDemo.release.xcconfig"; sourceTree = "<group>"; };
		77F83B3D0DECF257BA4FDE91 /* Pods_TehilimDemo.framework */ = {isa = PBXFileReference; explicitFileType = wrapper.framework; includeInIndex = 0; path = Pods_TehilimDemo.framework; sourceTree = BUILT_PRODUCTS_DIR; };
		9602FD3C1ECACB8B004BD063 /* GoogleService-Info.plist */ = {isa = PBXFileReference; fileEncoding = 4; lastKnownFileType = text.plist.xml; path = "GoogleService-Info.plist"; sourceTree = "<group>"; };
		9602FD3E1ECAEA16004BD063 /* DedicationsViewController.swift */ = {isa = PBXFileReference; fileEncoding = 4; lastKnownFileType = sourcecode.swift; path = DedicationsViewController.swift; sourceTree = "<group>"; };
		9602FD401ECAEE86004BD063 /* FBManager.swift */ = {isa = PBXFileReference; fileEncoding = 4; lastKnownFileType = sourcecode.swift; name = FBManager.swift; path = Model/FBManager.swift; sourceTree = "<group>"; };
		9602FD421ECAF208004BD063 /* Dedication.swift */ = {isa = PBXFileReference; fileEncoding = 4; lastKnownFileType = sourcecode.swift; name = Dedication.swift; path = Model/Dedication.swift; sourceTree = "<group>"; };
		9609268C1EAFA4D200237DE3 /* TehilimViewController.swift */ = {isa = PBXFileReference; fileEncoding = 4; lastKnownFileType = sourcecode.swift; path = TehilimViewController.swift; sourceTree = "<group>"; };
		960C932D1EC9A4B900513FA1 /* LocalDBManager.swift */ = {isa = PBXFileReference; fileEncoding = 4; lastKnownFileType = sourcecode.swift; path = LocalDBManager.swift; sourceTree = "<group>"; };
		96111CCB1EE136DA0025A4BD /* MyDateLabel.swift */ = {isa = PBXFileReference; fileEncoding = 4; lastKnownFileType = sourcecode.swift; name = MyDateLabel.swift; path = View/MyDateLabel.swift; sourceTree = "<group>"; };
		962A07251ED175290046EFF5 /* BubbleTransition.swift */ = {isa = PBXFileReference; fileEncoding = 4; lastKnownFileType = sourcecode.swift; name = BubbleTransition.swift; path = Transitions/BubbleTransition.swift; sourceTree = "<group>"; };
		962F01CA1EC852D5009158BE /* TehilimCore.xcdatamodel */ = {isa = PBXFileReference; lastKnownFileType = wrapper.xcdatamodel; path = TehilimCore.xcdatamodel; sourceTree = "<group>"; };
		962F01ED1EC859CC009158BE /* MyChaptersCell.swift */ = {isa = PBXFileReference; fileEncoding = 4; lastKnownFileType = sourcecode.swift; name = MyChaptersCell.swift; path = View/MyChaptersCell.swift; sourceTree = "<group>"; };
		962F01F11EC85B0E009158BE /* MyChaptersTableViewController.swift */ = {isa = PBXFileReference; fileEncoding = 4; lastKnownFileType = sourcecode.swift; path = MyChaptersTableViewController.swift; sourceTree = "<group>"; };
		962F01F31EC862E7009158BE /* MyAlertViewController.swift */ = {isa = PBXFileReference; fileEncoding = 4; lastKnownFileType = sourcecode.swift; path = MyAlertViewController.swift; sourceTree = "<group>"; };
		96322D6F1EB5D7DB009C839C /* BrowseViewController.swift */ = {isa = PBXFileReference; fileEncoding = 4; lastKnownFileType = sourcecode.swift; path = BrowseViewController.swift; sourceTree = "<group>"; };
		963FA0511EC46220004CC696 /* MyNavigationItem.swift */ = {isa = PBXFileReference; fileEncoding = 4; lastKnownFileType = sourcecode.swift; name = MyNavigationItem.swift; path = View/MyNavigationItem.swift; sourceTree = "<group>"; };
		964178B61EB223C900ACEF04 /* LocalizableUtils.swift */ = {isa = PBXFileReference; fileEncoding = 4; lastKnownFileType = sourcecode.swift; path = LocalizableUtils.swift; sourceTree = "<group>"; };
		964178B91EB2240A00ACEF04 /* Base */ = {isa = PBXFileReference; lastKnownFileType = text.plist.strings; name = Base; path = Base.lproj/Localizable.strings; sourceTree = "<group>"; };
		964178BB1EB2241700ACEF04 /* he */ = {isa = PBXFileReference; lastKnownFileType = text.plist.strings; name = he; path = he.lproj/Localizable.strings; sourceTree = "<group>"; };
		964178BC1EB2241F00ACEF04 /* fr */ = {isa = PBXFileReference; lastKnownFileType = text.plist.strings; name = fr; path = fr.lproj/Localizable.strings; sourceTree = "<group>"; };
		964AC1E91EE195310096A288 /* TehillimApp.entitlements */ = {isa = PBXFileReference; lastKnownFileType = text.plist.entitlements; path = TehillimApp.entitlements; sourceTree = "<group>"; };
		96710E5F1ECB12F2009B8412 /* AddDedicaceViewController.swift */ = {isa = PBXFileReference; fileEncoding = 4; lastKnownFileType = sourcecode.swift; path = AddDedicaceViewController.swift; sourceTree = "<group>"; };
		96899C9B1E93BDF1003754CF /* TehillimApp.app */ = {isa = PBXFileReference; explicitFileType = wrapper.application; includeInIndex = 0; path = TehillimApp.app; sourceTree = BUILT_PRODUCTS_DIR; };
		96899C9E1E93BDF1003754CF /* AppDelegate.swift */ = {isa = PBXFileReference; lastKnownFileType = sourcecode.swift; path = AppDelegate.swift; sourceTree = "<group>"; };
		96899CA01E93BDF1003754CF /* ViewController.swift */ = {isa = PBXFileReference; lastKnownFileType = sourcecode.swift; path = ViewController.swift; sourceTree = "<group>"; };
		96899CA31E93BDF1003754CF /* Base */ = {isa = PBXFileReference; lastKnownFileType = file.storyboard; name = Base; path = Base.lproj/Main.storyboard; sourceTree = "<group>"; };
		96899CA81E93BDF1003754CF /* Base */ = {isa = PBXFileReference; lastKnownFileType = file.storyboard; name = Base; path = Base.lproj/LaunchScreen.storyboard; sourceTree = "<group>"; };
		96899CAA1E93BDF1003754CF /* Info.plist */ = {isa = PBXFileReference; lastKnownFileType = text.plist.xml; path = Info.plist; sourceTree = "<group>"; };
		96BC8C091EBC529500E92DAB /* TehilimCollectionViewCell.swift */ = {isa = PBXFileReference; fileEncoding = 4; lastKnownFileType = sourcecode.swift; name = TehilimCollectionViewCell.swift; path = View/TehilimCollectionViewCell.swift; sourceTree = "<group>"; };
		96C10D4F1EB09218005086DF /* Tehilim.swift */ = {isa = PBXFileReference; fileEncoding = 4; lastKnownFileType = sourcecode.swift; name = Tehilim.swift; path = Model/Tehilim.swift; sourceTree = "<group>"; };
		96C10D511EB09DF3005086DF /* myDate.swift */ = {isa = PBXFileReference; fileEncoding = 4; lastKnownFileType = sourcecode.swift; name = myDate.swift; path = Model/myDate.swift; sourceTree = "<group>"; };
		96C10D541EB0A1C1005086DF /* MyButton.swift */ = {isa = PBXFileReference; fileEncoding = 4; lastKnownFileType = sourcecode.swift; name = MyButton.swift; path = View/MyButton.swift; sourceTree = "<group>"; };
		96C3A93A1EC9771C00AF372F /* ConvertTypeDatePicker.swift */ = {isa = PBXFileReference; fileEncoding = 4; lastKnownFileType = sourcecode.swift; name = ConvertTypeDatePicker.swift; path = Model/Utils/ConvertTypeDatePicker.swift; sourceTree = "<group>"; };
		96CA314C1ED4A6D2008CC8EC /* MyLabel.swift */ = {isa = PBXFileReference; fileEncoding = 4; lastKnownFileType = sourcecode.swift; name = MyLabel.swift; path = View/MyLabel.swift; sourceTree = "<group>"; };
		96D2AC001EB237100013B621 /* MyTabBarController.swift */ = {isa = PBXFileReference; fileEncoding = 4; lastKnownFileType = sourcecode.swift; name = MyTabBarController.swift; path = View/MyTabBarController.swift; sourceTree = "<group>"; };
		96EEB2B61EC2DE25009D5BC2 /* Guematria.swift */ = {isa = PBXFileReference; fileEncoding = 4; lastKnownFileType = sourcecode.swift; name = Guematria.swift; path = Model/Utils/Guematria.swift; sourceTree = "<group>"; };
		96F15C511ED2B333004334D3 /* SwitchAnimation.swift */ = {isa = PBXFileReference; fileEncoding = 4; lastKnownFileType = sourcecode.swift; name = SwitchAnimation.swift; path = Transitions/SwitchAnimation.swift; sourceTree = "<group>"; };
		96FBFA581EC19F95003C3752 /* Assets.xcassets */ = {isa = PBXFileReference; lastKnownFileType = folder.assetcatalog; path = Assets.xcassets; sourceTree = "<group>"; };
		96FD826A1ED5A09300E9B2E7 /* HorizontalSwipeInteraction.swift */ = {isa = PBXFileReference; fileEncoding = 4; lastKnownFileType = sourcecode.swift; name = HorizontalSwipeInteraction.swift; path = Transitions/HorizontalSwipeInteraction.swift; sourceTree = "<group>"; };
		96FEB8A21ECC4BCC00F2B4DA /* DonationViewController.swift */ = {isa = PBXFileReference; fileEncoding = 4; lastKnownFileType = sourcecode.swift; path = DonationViewController.swift; sourceTree = "<group>"; };
		B73AFF752A80A13320828E72 /* Pods-TehilimDemo.debug.xcconfig */ = {isa = PBXFileReference; includeInIndex = 1; lastKnownFileType = text.xcconfig; name = "Pods-TehilimDemo.debug.xcconfig"; path = "Pods/Target Support Files/Pods-TehilimDemo/Pods-TehilimDemo.debug.xcconfig"; sourceTree = "<group>"; };
/* End PBXFileReference section */

/* Begin PBXFrameworksBuildPhase section */
		96899C981E93BDF1003754CF /* Frameworks */ = {
			isa = PBXFrameworksBuildPhase;
			buildActionMask = 2147483647;
			files = (
				C373435FC9BECB6BE140E838 /* Pods_TehilimDemo.framework in Frameworks */,
			);
			runOnlyForDeploymentPostprocessing = 0;
		};
/* End PBXFrameworksBuildPhase section */

/* Begin PBXGroup section */
		1794159B0BECE3B46E295263 /* Frameworks */ = {
			isa = PBXGroup;
			children = (
				77F83B3D0DECF257BA4FDE91 /* Pods_TehilimDemo.framework */,
			);
			name = Frameworks;
			sourceTree = "<group>";
		};
		76AF23FDB88EE9184E4456EB /* Pods */ = {
			isa = PBXGroup;
			children = (
				B73AFF752A80A13320828E72 /* Pods-TehilimDemo.debug.xcconfig */,
				1C470A10D1F4BF1FFEDC0723 /* Pods-TehilimDemo.release.xcconfig */,
			);
			name = Pods;
			sourceTree = "<group>";
		};
		9609268B1EAFA4B300237DE3 /* Controller */ = {
			isa = PBXGroup;
			children = (
				962A07241ED174F00046EFF5 /* Transitions */,
				96899CA01E93BDF1003754CF /* ViewController.swift */,
				96322D6F1EB5D7DB009C839C /* BrowseViewController.swift */,
				9609268C1EAFA4D200237DE3 /* TehilimViewController.swift */,
				962F01F11EC85B0E009158BE /* MyChaptersTableViewController.swift */,
				962F01F31EC862E7009158BE /* MyAlertViewController.swift */,
				96710E5F1ECB12F2009B8412 /* AddDedicaceViewController.swift */,
				96FEB8A21ECC4BCC00F2B4DA /* DonationViewController.swift */,
				964178B01EB2226500ACEF04 /* children */,
			);
			name = Controller;
			sourceTree = "<group>";
		};
		962A07241ED174F00046EFF5 /* Transitions */ = {
			isa = PBXGroup;
			children = (
				962A07251ED175290046EFF5 /* BubbleTransition.swift */,
				96F15C511ED2B333004334D3 /* SwitchAnimation.swift */,
				96FD826A1ED5A09300E9B2E7 /* HorizontalSwipeInteraction.swift */,
			);
			name = Transitions;
			sourceTree = "<group>";
		};
		964178B01EB2226500ACEF04 /* children */ = {
			isa = PBXGroup;
			children = (
				9602FD3E1ECAEA16004BD063 /* DedicationsViewController.swift */,
			);
			name = children;
			sourceTree = "<group>";
		};
		964178B31EB223A300ACEF04 /* strings */ = {
			isa = PBXGroup;
			children = (
				964178BA1EB2240A00ACEF04 /* Localizable.strings */,
				964178B61EB223C900ACEF04 /* LocalizableUtils.swift */,
			);
			name = strings;
			sourceTree = "<group>";
		};
		96899C921E93BDF1003754CF = {
			isa = PBXGroup;
			children = (
				96899C9D1E93BDF1003754CF /* TehilimDemo */,
				96899C9C1E93BDF1003754CF /* Products */,
				76AF23FDB88EE9184E4456EB /* Pods */,
				1794159B0BECE3B46E295263 /* Frameworks */,
			);
			sourceTree = "<group>";
		};
		96899C9C1E93BDF1003754CF /* Products */ = {
			isa = PBXGroup;
			children = (
				96899C9B1E93BDF1003754CF /* TehillimApp.app */,
			);
			name = Products;
			sourceTree = "<group>";
		};
		96899C9D1E93BDF1003754CF /* TehilimDemo */ = {
			isa = PBXGroup;
			children = (
				964AC1E91EE195310096A288 /* TehillimApp.entitlements */,
				96FBFA581EC19F95003C3752 /* Assets.xcassets */,
				96899C9E1E93BDF1003754CF /* AppDelegate.swift */,
				964178B31EB223A300ACEF04 /* strings */,
				96C10D531EB0A19B005086DF /* View */,
				96C10D4E1EB091F2005086DF /* Model */,
				9609268B1EAFA4B300237DE3 /* Controller */,
				96899CA21E93BDF1003754CF /* Main.storyboard */,
				96899CA71E93BDF1003754CF /* LaunchScreen.storyboard */,
				962F01C91EC852D5009158BE /* TehilimCore.xcdatamodeld */,
				96899CAA1E93BDF1003754CF /* Info.plist */,
				9602FD3C1ECACB8B004BD063 /* GoogleService-Info.plist */,
			);
			path = TehilimDemo;
			sourceTree = "<group>";
		};
		96C10D4E1EB091F2005086DF /* Model */ = {
			isa = PBXGroup;
			children = (
				96EEB2B51EC2DE0B009D5BC2 /* Utils */,
				96C10D4F1EB09218005086DF /* Tehilim.swift */,
				96C10D511EB09DF3005086DF /* myDate.swift */,
				960C932D1EC9A4B900513FA1 /* LocalDBManager.swift */,
				9602FD401ECAEE86004BD063 /* FBManager.swift */,
				9602FD421ECAF208004BD063 /* Dedication.swift */,
			);
			name = Model;
			sourceTree = "<group>";
		};
		96C10D531EB0A19B005086DF /* View */ = {
			isa = PBXGroup;
			children = (
				96C10D541EB0A1C1005086DF /* MyButton.swift */,
				96CA314C1ED4A6D2008CC8EC /* MyLabel.swift */,
				96D2AC001EB237100013B621 /* MyTabBarController.swift */,
				96BC8C091EBC529500E92DAB /* TehilimCollectionViewCell.swift */,
				963FA0511EC46220004CC696 /* MyNavigationItem.swift */,
				962F01ED1EC859CC009158BE /* MyChaptersCell.swift */,
				96111CCB1EE136DA0025A4BD /* MyDateLabel.swift */,
			);
			name = View;
			sourceTree = "<group>";
		};
		96EEB2B51EC2DE0B009D5BC2 /* Utils */ = {
			isa = PBXGroup;
			children = (
				96EEB2B61EC2DE25009D5BC2 /* Guematria.swift */,
				96C3A93A1EC9771C00AF372F /* ConvertTypeDatePicker.swift */,
			);
			name = Utils;
			sourceTree = "<group>";
		};
/* End PBXGroup section */

/* Begin PBXNativeTarget section */
		96899C9A1E93BDF1003754CF /* TehilimDemo */ = {
			isa = PBXNativeTarget;
			buildConfigurationList = 96899CAD1E93BDF1003754CF /* Build configuration list for PBXNativeTarget "TehilimDemo" */;
			buildPhases = (
				546BE8B9FD0C1127DF78FC9E /* [CP] Check Pods Manifest.lock */,
				96899C971E93BDF1003754CF /* Sources */,
				96899C981E93BDF1003754CF /* Frameworks */,
				96899C991E93BDF1003754CF /* Resources */,
				FB4A752EA9BF2CB619A81522 /* [CP] Embed Pods Frameworks */,
				3FFB89DFC22525606593D11E /* [CP] Copy Pods Resources */,
			);
			buildRules = (
			);
			dependencies = (
			);
			name = TehilimDemo;
			productName = TehilimDemo;
			productReference = 96899C9B1E93BDF1003754CF /* TehillimApp.app */;
			productType = "com.apple.product-type.application";
		};
/* End PBXNativeTarget section */

/* Begin PBXProject section */
		96899C931E93BDF1003754CF /* Project object */ = {
			isa = PBXProject;
			attributes = {
				LastSwiftUpdateCheck = 0830;
				LastUpgradeCheck = 0830;
				ORGANIZATIONNAME = "Mendy Barouk";
				TargetAttributes = {
					96899C9A1E93BDF1003754CF = {
						CreatedOnToolsVersion = 8.3;
						DevelopmentTeam = 4WDRL2HN7M;
						ProvisioningStyle = Automatic;
						SystemCapabilities = {
							com.apple.Push = {
								enabled = 0;
							};
						};
					};
				};
			};
			buildConfigurationList = 96899C961E93BDF1003754CF /* Build configuration list for PBXProject "TehilimDemo" */;
			compatibilityVersion = "Xcode 3.2";
			developmentRegion = English;
			hasScannedForEncodings = 0;
			knownRegions = (
				en,
				Base,
				he,
				fr,
			);
			mainGroup = 96899C921E93BDF1003754CF;
			productRefGroup = 96899C9C1E93BDF1003754CF /* Products */;
			projectDirPath = "";
			projectRoot = "";
			targets = (
				96899C9A1E93BDF1003754CF /* TehilimDemo */,
			);
		};
/* End PBXProject section */

/* Begin PBXResourcesBuildPhase section */
		96899C991E93BDF1003754CF /* Resources */ = {
			isa = PBXResourcesBuildPhase;
			buildActionMask = 2147483647;
			files = (
				964178B81EB2240A00ACEF04 /* Localizable.strings in Resources */,
				96899CA91E93BDF1003754CF /* LaunchScreen.storyboard in Resources */,
				9602FD3D1ECACB8B004BD063 /* GoogleService-Info.plist in Resources */,
				96899CA41E93BDF1003754CF /* Main.storyboard in Resources */,
				96FBFA591EC19F95003C3752 /* Assets.xcassets in Resources */,
			);
			runOnlyForDeploymentPostprocessing = 0;
		};
/* End PBXResourcesBuildPhase section */

/* Begin PBXShellScriptBuildPhase section */
		3FFB89DFC22525606593D11E /* [CP] Copy Pods Resources */ = {
			isa = PBXShellScriptBuildPhase;
			buildActionMask = 2147483647;
			files = (
			);
			inputPaths = (
			);
			name = "[CP] Copy Pods Resources";
			outputPaths = (
			);
			runOnlyForDeploymentPostprocessing = 0;
			shellPath = /bin/sh;
			shellScript = "\"${SRCROOT}/Pods/Target Support Files/Pods-TehilimDemo/Pods-TehilimDemo-resources.sh\"\n";
			showEnvVarsInLog = 0;
		};
		546BE8B9FD0C1127DF78FC9E /* [CP] Check Pods Manifest.lock */ = {
			isa = PBXShellScriptBuildPhase;
			buildActionMask = 2147483647;
			files = (
			);
			inputPaths = (
			);
			name = "[CP] Check Pods Manifest.lock";
			outputPaths = (
			);
			runOnlyForDeploymentPostprocessing = 0;
			shellPath = /bin/sh;
			shellScript = "diff \"${PODS_ROOT}/../Podfile.lock\" \"${PODS_ROOT}/Manifest.lock\" > /dev/null\nif [ $? != 0 ] ; then\n    # print error to STDERR\n    echo \"error: The sandbox is not in sync with the Podfile.lock. Run 'pod install' or update your CocoaPods installation.\" >&2\n    exit 1\nfi\n";
			showEnvVarsInLog = 0;
		};
		FB4A752EA9BF2CB619A81522 /* [CP] Embed Pods Frameworks */ = {
			isa = PBXShellScriptBuildPhase;
			buildActionMask = 2147483647;
			files = (
			);
			inputPaths = (
			);
			name = "[CP] Embed Pods Frameworks";
			outputPaths = (
			);
			runOnlyForDeploymentPostprocessing = 0;
			shellPath = /bin/sh;
			shellScript = "\"${SRCROOT}/Pods/Target Support Files/Pods-TehilimDemo/Pods-TehilimDemo-frameworks.sh\"\n";
			showEnvVarsInLog = 0;
		};
/* End PBXShellScriptBuildPhase section */

/* Begin PBXSourcesBuildPhase section */
		96899C971E93BDF1003754CF /* Sources */ = {
			isa = PBXSourcesBuildPhase;
			buildActionMask = 2147483647;
			files = (
				96710E601ECB12F2009B8412 /* AddDedicaceViewController.swift in Sources */,
				96C10D501EB09218005086DF /* Tehilim.swift in Sources */,
				96BC8C0A1EBC529500E92DAB /* TehilimCollectionViewCell.swift in Sources */,
				9609268D1EAFA4D200237DE3 /* TehilimViewController.swift in Sources */,
				96D2AC011EB237100013B621 /* MyTabBarController.swift in Sources */,
				9602FD3F1ECAEA16004BD063 /* DedicationsViewController.swift in Sources */,
				962F01F41EC862E7009158BE /* MyAlertViewController.swift in Sources */,
				96322D701EB5D7DB009C839C /* BrowseViewController.swift in Sources */,
				96FD826B1ED5A09300E9B2E7 /* HorizontalSwipeInteraction.swift in Sources */,
				963FA0521EC46220004CC696 /* MyNavigationItem.swift in Sources */,
				96F15C521ED2B333004334D3 /* SwitchAnimation.swift in Sources */,
				962F01CB1EC852D5009158BE /* TehilimCore.xcdatamodeld in Sources */,
				96899CA11E93BDF1003754CF /* ViewController.swift in Sources */,
				962F01EE1EC859CC009158BE /* MyChaptersCell.swift in Sources */,
				96C3A93B1EC9771C00AF372F /* ConvertTypeDatePicker.swift in Sources */,
				9602FD411ECAEE86004BD063 /* FBManager.swift in Sources */,
				964178B71EB223C900ACEF04 /* LocalizableUtils.swift in Sources */,
				96899C9F1E93BDF1003754CF /* AppDelegate.swift in Sources */,
				96CA314D1ED4A6D2008CC8EC /* MyLabel.swift in Sources */,
				960C932E1EC9A4B900513FA1 /* LocalDBManager.swift in Sources */,
				96FEB8A31ECC4BCC00F2B4DA /* DonationViewController.swift in Sources */,
				96EEB2B71EC2DE25009D5BC2 /* Guematria.swift in Sources */,
				962A07261ED175290046EFF5 /* BubbleTransition.swift in Sources */,
				962F01F21EC85B0E009158BE /* MyChaptersTableViewController.swift in Sources */,
				9602FD431ECAF208004BD063 /* Dedication.swift in Sources */,
				96C10D521EB09DF3005086DF /* myDate.swift in Sources */,
				96111CCC1EE136DA0025A4BD /* MyDateLabel.swift in Sources */,
				96C10D551EB0A1C1005086DF /* MyButton.swift in Sources */,
			);
			runOnlyForDeploymentPostprocessing = 0;
		};
/* End PBXSourcesBuildPhase section */

/* Begin PBXVariantGroup section */
		964178BA1EB2240A00ACEF04 /* Localizable.strings */ = {
			isa = PBXVariantGroup;
			children = (
				964178B91EB2240A00ACEF04 /* Base */,
				964178BB1EB2241700ACEF04 /* he */,
				964178BC1EB2241F00ACEF04 /* fr */,
			);
			name = Localizable.strings;
			sourceTree = "<group>";
		};
		96899CA21E93BDF1003754CF /* Main.storyboard */ = {
			isa = PBXVariantGroup;
			children = (
				96899CA31E93BDF1003754CF /* Base */,
			);
			name = Main.storyboard;
			sourceTree = "<group>";
		};
		96899CA71E93BDF1003754CF /* LaunchScreen.storyboard */ = {
			isa = PBXVariantGroup;
			children = (
				96899CA81E93BDF1003754CF /* Base */,
			);
			name = LaunchScreen.storyboard;
			sourceTree = "<group>";
		};
/* End PBXVariantGroup section */

/* Begin XCBuildConfiguration section */
		96899CAB1E93BDF1003754CF /* Debug */ = {
			isa = XCBuildConfiguration;
			buildSettings = {
				ALWAYS_SEARCH_USER_PATHS = NO;
				CLANG_ANALYZER_LOCALIZABILITY_NONLOCALIZED = YES;
				CLANG_ANALYZER_NONNULL = YES;
				CLANG_ANALYZER_NUMBER_OBJECT_CONVERSION = YES_AGGRESSIVE;
				CLANG_CXX_LANGUAGE_STANDARD = "gnu++0x";
				CLANG_CXX_LIBRARY = "libc++";
				CLANG_ENABLE_MODULES = YES;
				CLANG_ENABLE_OBJC_ARC = YES;
				CLANG_WARN_BOOL_CONVERSION = YES;
				CLANG_WARN_CONSTANT_CONVERSION = YES;
				CLANG_WARN_DIRECT_OBJC_ISA_USAGE = YES_ERROR;
				CLANG_WARN_DOCUMENTATION_COMMENTS = YES;
				CLANG_WARN_EMPTY_BODY = YES;
				CLANG_WARN_ENUM_CONVERSION = YES;
				CLANG_WARN_INFINITE_RECURSION = YES;
				CLANG_WARN_INT_CONVERSION = YES;
				CLANG_WARN_OBJC_ROOT_CLASS = YES_ERROR;
				CLANG_WARN_SUSPICIOUS_MOVE = YES;
				CLANG_WARN_UNREACHABLE_CODE = YES;
				CLANG_WARN__DUPLICATE_METHOD_MATCH = YES;
				"CODE_SIGN_IDENTITY[sdk=iphoneos*]" = "iPhone Developer";
				COPY_PHASE_STRIP = NO;
				DEBUG_INFORMATION_FORMAT = dwarf;
				ENABLE_STRICT_OBJC_MSGSEND = YES;
				ENABLE_TESTABILITY = YES;
				GCC_C_LANGUAGE_STANDARD = gnu99;
				GCC_DYNAMIC_NO_PIC = NO;
				GCC_NO_COMMON_BLOCKS = YES;
				GCC_OPTIMIZATION_LEVEL = 0;
				GCC_PREPROCESSOR_DEFINITIONS = (
					"DEBUG=1",
					"$(inherited)",
				);
				GCC_WARN_64_TO_32_BIT_CONVERSION = YES;
				GCC_WARN_ABOUT_RETURN_TYPE = YES_ERROR;
				GCC_WARN_UNDECLARED_SELECTOR = YES;
				GCC_WARN_UNINITIALIZED_AUTOS = YES_AGGRESSIVE;
				GCC_WARN_UNUSED_FUNCTION = YES;
				GCC_WARN_UNUSED_VARIABLE = YES;
				IPHONEOS_DEPLOYMENT_TARGET = 10.3;
				MTL_ENABLE_DEBUG_INFO = YES;
				ONLY_ACTIVE_ARCH = YES;
				SDKROOT = iphoneos;
				SWIFT_ACTIVE_COMPILATION_CONDITIONS = DEBUG;
				SWIFT_OPTIMIZATION_LEVEL = "-Onone";
				TARGETED_DEVICE_FAMILY = "1,2";
			};
			name = Debug;
		};
		96899CAC1E93BDF1003754CF /* Release */ = {
			isa = XCBuildConfiguration;
			buildSettings = {
				ALWAYS_SEARCH_USER_PATHS = NO;
				CLANG_ANALYZER_LOCALIZABILITY_NONLOCALIZED = YES;
				CLANG_ANALYZER_NONNULL = YES;
				CLANG_ANALYZER_NUMBER_OBJECT_CONVERSION = YES_AGGRESSIVE;
				CLANG_CXX_LANGUAGE_STANDARD = "gnu++0x";
				CLANG_CXX_LIBRARY = "libc++";
				CLANG_ENABLE_MODULES = YES;
				CLANG_ENABLE_OBJC_ARC = YES;
				CLANG_WARN_BOOL_CONVERSION = YES;
				CLANG_WARN_CONSTANT_CONVERSION = YES;
				CLANG_WARN_DIRECT_OBJC_ISA_USAGE = YES_ERROR;
				CLANG_WARN_DOCUMENTATION_COMMENTS = YES;
				CLANG_WARN_EMPTY_BODY = YES;
				CLANG_WARN_ENUM_CONVERSION = YES;
				CLANG_WARN_INFINITE_RECURSION = YES;
				CLANG_WARN_INT_CONVERSION = YES;
				CLANG_WARN_OBJC_ROOT_CLASS = YES_ERROR;
				CLANG_WARN_SUSPICIOUS_MOVE = YES;
				CLANG_WARN_UNREACHABLE_CODE = YES;
				CLANG_WARN__DUPLICATE_METHOD_MATCH = YES;
				"CODE_SIGN_IDENTITY[sdk=iphoneos*]" = "iPhone Developer";
				COPY_PHASE_STRIP = NO;
				DEBUG_INFORMATION_FORMAT = "dwarf-with-dsym";
				ENABLE_NS_ASSERTIONS = NO;
				ENABLE_STRICT_OBJC_MSGSEND = YES;
				GCC_C_LANGUAGE_STANDARD = gnu99;
				GCC_NO_COMMON_BLOCKS = YES;
				GCC_WARN_64_TO_32_BIT_CONVERSION = YES;
				GCC_WARN_ABOUT_RETURN_TYPE = YES_ERROR;
				GCC_WARN_UNDECLARED_SELECTOR = YES;
				GCC_WARN_UNINITIALIZED_AUTOS = YES_AGGRESSIVE;
				GCC_WARN_UNUSED_FUNCTION = YES;
				GCC_WARN_UNUSED_VARIABLE = YES;
				IPHONEOS_DEPLOYMENT_TARGET = 10.3;
				MTL_ENABLE_DEBUG_INFO = NO;
				SDKROOT = iphoneos;
				SWIFT_OPTIMIZATION_LEVEL = "-Owholemodule";
				TARGETED_DEVICE_FAMILY = "1,2";
				VALIDATE_PRODUCT = YES;
			};
			name = Release;
		};
		96899CAE1E93BDF1003754CF /* Debug */ = {
			isa = XCBuildConfiguration;
			baseConfigurationReference = B73AFF752A80A13320828E72 /* Pods-TehilimDemo.debug.xcconfig */;
			buildSettings = {
				ASSETCATALOG_COMPILER_APPICON_NAME = AppIcon;
				"CODE_SIGN_IDENTITY[sdk=iphoneos*]" = "iPhone Developer";
				DEVELOPMENT_TEAM = 4WDRL2HN7M;
				INFOPLIST_FILE = TehilimDemo/Info.plist;
				LD_RUNPATH_SEARCH_PATHS = "$(inherited) @executable_path/Frameworks";
				PRODUCT_BUNDLE_IDENTIFIER = com.mendibarouk.TehilimDemo;
				PRODUCT_NAME = TehillimApp;
				PROVISIONING_PROFILE_SPECIFIER = "";
				SWIFT_VERSION = 3.0;
			};
			name = Debug;
		};
		96899CAF1E93BDF1003754CF /* Release */ = {
			isa = XCBuildConfiguration;
			baseConfigurationReference = 1C470A10D1F4BF1FFEDC0723 /* Pods-TehilimDemo.release.xcconfig */;
			buildSettings = {
				ASSETCATALOG_COMPILER_APPICON_NAME = AppIcon;
				"CODE_SIGN_IDENTITY[sdk=iphoneos*]" = "iPhone Developer";
				DEVELOPMENT_TEAM = 4WDRL2HN7M;
				INFOPLIST_FILE = TehilimDemo/Info.plist;
				LD_RUNPATH_SEARCH_PATHS = "$(inherited) @executable_path/Frameworks";
				PRODUCT_BUNDLE_IDENTIFIER = com.mendibarouk.TehilimDemo;
				PRODUCT_NAME = TehillimApp;
				PROVISIONING_PROFILE_SPECIFIER = "";
				SWIFT_VERSION = 3.0;
			};
			name = Release;
		};
/* End XCBuildConfiguration section */

/* Begin XCConfigurationList section */
		96899C961E93BDF1003754CF /* Build configuration list for PBXProject "TehilimDemo" */ = {
			isa = XCConfigurationList;
			buildConfigurations = (
				96899CAB1E93BDF1003754CF /* Debug */,
				96899CAC1E93BDF1003754CF /* Release */,
			);
			defaultConfigurationIsVisible = 0;
			defaultConfigurationName = Release;
		};
		96899CAD1E93BDF1003754CF /* Build configuration list for PBXNativeTarget "TehilimDemo" */ = {
			isa = XCConfigurationList;
			buildConfigurations = (
				96899CAE1E93BDF1003754CF /* Debug */,
				96899CAF1E93BDF1003754CF /* Release */,
			);
			defaultConfigurationIsVisible = 0;
			defaultConfigurationName = Release;
		};
/* End XCConfigurationList section */

/* Begin XCVersionGroup section */
		962F01C91EC852D5009158BE /* TehilimCore.xcdatamodeld */ = {
			isa = XCVersionGroup;
			children = (
				962F01CA1EC852D5009158BE /* TehilimCore.xcdatamodel */,
			);
			currentVersion = 962F01CA1EC852D5009158BE /* TehilimCore.xcdatamodel */;
			path = TehilimCore.xcdatamodeld;
			sourceTree = "<group>";
			versionGroupType = wrapper.xcdatamodel;
		};
/* End XCVersionGroup section */
	};
	rootObject = 96899C931E93BDF1003754CF /* Project object */;
}
